
Microsoft Visual Studio Solution File, Format Version 12.00
# Visual Studio Version 16
VisualStudioVersion = 16.0.30804.86
MinimumVisualStudioVersion = 10.0.40219.1
Project("{FAE04EC0-301F-11D3-BF4B-00C04F79EFBC}") = "Sample.StudioX.Activities", "Sample.StudioX.Activities\Sample.StudioX.Activities.csproj", "{13560049-6125-4E75-B8AD-506EFBF67B56}"
EndProject
Project("{FAE04EC0-301F-11D3-BF4B-00C04F79EFBC}") = "Sample.StudioX.Activities.Design", "Sample.StudioX.Activities.Design\Sample.StudioX.Activities.Design.csproj", "{8086F2C6-B2BF-42C5-AAB5-717766254B99}"
EndProject
Global
	GlobalSection(SolutionConfigurationPlatforms) = preSolution
		Debug|Any CPU = Debug|Any CPU
		Release|Any CPU = Release|Any CPU
	EndGlobalSection
	GlobalSection(ProjectConfigurationPlatforms) = postSolution
		{13560049-6125-4E75-B8AD-506EFBF67B56}.Debug|Any CPU.ActiveCfg = Debug|Any CPU
		{13560049-6125-4E75-B8AD-506EFBF67B56}.Debug|Any CPU.Build.0 = Debug|Any CPU
		{13560049-6125-4E75-B8AD-506EFBF67B56}.Release|Any CPU.ActiveCfg = Release|Any CPU
		{13560049-6125-4E75-B8AD-506EFBF67B56}.Release|Any CPU.Build.0 = Release|Any CPU
		{8086F2C6-B2BF-42C5-AAB5-717766254B99}.Debug|Any CPU.ActiveCfg = Debug|Any CPU
		{8086F2C6-B2BF-42C5-AAB5-717766254B99}.Debug|Any CPU.Build.0 = Debug|Any CPU
		{8086F2C6-B2BF-42C5-AAB5-717766254B99}.Release|Any CPU.ActiveCfg = Release|Any CPU
		{8086F2C6-B2BF-42C5-AAB5-717766254B99}.Release|Any CPU.Build.0 = Release|Any CPU
	EndGlobalSection
	GlobalSection(SolutionProperties) = preSolution
		HideSolutionNode = FALSE
	EndGlobalSection
	GlobalSection(ExtensibilityGlobals) = postSolution
		SolutionGuid = {55A0A31D-77C1-441E-A08B-67BD09896802}
	EndGlobalSection
EndGlobal
